
Microsoft Visual Studio Solution File, Format Version 12.00
# Visual Studio 15
VisualStudioVersion = 15.0.27004.2002
MinimumVisualStudioVersion = 10.0.40219.1
Project("{FAE04EC0-301F-11D3-BF4B-00C04F79EFBC}") = "kolokwium", "kolokwium\kolokwium.csproj", "{4FBB5682-1393-4972-B8FD-5FECA1258AFC}"
EndProject
Global
	GlobalSection(SolutionConfigurationPlatforms) = preSolution
		Debug|Any CPU = Debug|Any CPU
		Release|Any CPU = Release|Any CPU
	EndGlobalSection
	GlobalSection(ProjectConfigurationPlatforms) = postSolution
		{4FBB5682-1393-4972-B8FD-5FECA1258AFC}.Debug|Any CPU.ActiveCfg = Debug|Any CPU
		{4FBB5682-1393-4972-B8FD-5FECA1258AFC}.Debug|Any CPU.Build.0 = Debug|Any CPU
		{4FBB5682-1393-4972-B8FD-5FECA1258AFC}.Release|Any CPU.ActiveCfg = Release|Any CPU
		{4FBB5682-1393-4972-B8FD-5FECA1258AFC}.Release|Any CPU.Build.0 = Release|Any CPU
	EndGlobalSection
	GlobalSection(SolutionProperties) = preSolution
		HideSolutionNode = FALSE
	EndGlobalSection
	GlobalSection(ExtensibilityGlobals) = postSolution
		SolutionGuid = {DD3FB93F-D2D9-44EB-B525-4959900E5D6A}
	EndGlobalSection
EndGlobal
